
Microsoft Visual Studio Solution File, Format Version 12.00
# Visual Studio Version 16
VisualStudioVersion = 16.0.31112.23
MinimumVisualStudioVersion = 10.0.40219.1
Project("{2150E333-8FDC-42A3-9474-1A3956D46DE8}") = "src", "src", "{4DC75E3F-A7EF-4CE7-94FB-DCF0E73F7CE7}"
EndProject
Project("{FAE04EC0-301F-11D3-BF4B-00C04F79EFBC}") = "Fiap.Domain", "Fiap.Domain\Fiap.Domain.csproj", "{7BABE06D-45E5-4381-9BCF-5380E8B573E5}"
EndProject
Project("{FAE04EC0-301F-11D3-BF4B-00C04F79EFBC}") = "Fiap.Application", "Fiap.Application\Fiap.Application.csproj", "{8879B3F9-923C-46DC-87E8-85B8A5E18C32}"
EndProject
Project("{FAE04EC0-301F-11D3-BF4B-00C04F79EFBC}") = "Fiap.Infrastructure", "Fiap.Infrastructure\Fiap.Infrastructure.csproj", "{38A6C26D-B0BE-4A5E-AF16-168B885A3022}"
EndProject
Project("{FAE04EC0-301F-11D3-BF4B-00C04F79EFBC}") = "Fiap.Persistence", "Fiap.Persistence\Fiap.Persistence.csproj", "{4083D518-3690-442B-B6A4-2A81410711D5}"
EndProject
Project("{FAE04EC0-301F-11D3-BF4B-00C04F79EFBC}") = "Fiap.Presentation.Web", "Fiap.Presentation.Web\Fiap.Presentation.Web.csproj", "{22E06239-D8F7-4105-90C8-92A323DCFF47}"
EndProject
Project("{FAE04EC0-301F-11D3-BF4B-00C04F79EFBC}") = "Fiap.IoC", "Fiap.IoC\Fiap.IoC.csproj", "{396A69E0-056F-4748-A7B2-330A57646D07}"
EndProject
Global
	GlobalSection(SolutionConfigurationPlatforms) = preSolution
		Debug|Any CPU = Debug|Any CPU
		Release|Any CPU = Release|Any CPU
	EndGlobalSection
	GlobalSection(ProjectConfigurationPlatforms) = postSolution
		{7BABE06D-45E5-4381-9BCF-5380E8B573E5}.Debug|Any CPU.ActiveCfg = Debug|Any CPU
		{7BABE06D-45E5-4381-9BCF-5380E8B573E5}.Debug|Any CPU.Build.0 = Debug|Any CPU
		{7BABE06D-45E5-4381-9BCF-5380E8B573E5}.Release|Any CPU.ActiveCfg = Release|Any CPU
		{7BABE06D-45E5-4381-9BCF-5380E8B573E5}.Release|Any CPU.Build.0 = Release|Any CPU
		{8879B3F9-923C-46DC-87E8-85B8A5E18C32}.Debug|Any CPU.ActiveCfg = Debug|Any CPU
		{8879B3F9-923C-46DC-87E8-85B8A5E18C32}.Debug|Any CPU.Build.0 = Debug|Any CPU
		{8879B3F9-923C-46DC-87E8-85B8A5E18C32}.Release|Any CPU.ActiveCfg = Release|Any CPU
		{8879B3F9-923C-46DC-87E8-85B8A5E18C32}.Release|Any CPU.Build.0 = Release|Any CPU
		{38A6C26D-B0BE-4A5E-AF16-168B885A3022}.Debug|Any CPU.ActiveCfg = Debug|Any CPU
		{38A6C26D-B0BE-4A5E-AF16-168B885A3022}.Debug|Any CPU.Build.0 = Debug|Any CPU
		{38A6C26D-B0BE-4A5E-AF16-168B885A3022}.Release|Any CPU.ActiveCfg = Release|Any CPU
		{38A6C26D-B0BE-4A5E-AF16-168B885A3022}.Release|Any CPU.Build.0 = Release|Any CPU
		{4083D518-3690-442B-B6A4-2A81410711D5}.Debug|Any CPU.ActiveCfg = Debug|Any CPU
		{4083D518-3690-442B-B6A4-2A81410711D5}.Debug|Any CPU.Build.0 = Debug|Any CPU
		{4083D518-3690-442B-B6A4-2A81410711D5}.Release|Any CPU.ActiveCfg = Release|Any CPU
		{4083D518-3690-442B-B6A4-2A81410711D5}.Release|Any CPU.Build.0 = Release|Any CPU
		{22E06239-D8F7-4105-90C8-92A323DCFF47}.Debug|Any CPU.ActiveCfg = Debug|Any CPU
		{22E06239-D8F7-4105-90C8-92A323DCFF47}.Debug|Any CPU.Build.0 = Debug|Any CPU
		{22E06239-D8F7-4105-90C8-92A323DCFF47}.Release|Any CPU.ActiveCfg = Release|Any CPU
		{22E06239-D8F7-4105-90C8-92A323DCFF47}.Release|Any CPU.Build.0 = Release|Any CPU
		{396A69E0-056F-4748-A7B2-330A57646D07}.Debug|Any CPU.ActiveCfg = Debug|Any CPU
		{396A69E0-056F-4748-A7B2-330A57646D07}.Debug|Any CPU.Build.0 = Debug|Any CPU
		{396A69E0-056F-4748-A7B2-330A57646D07}.Release|Any CPU.ActiveCfg = Release|Any CPU
		{396A69E0-056F-4748-A7B2-330A57646D07}.Release|Any CPU.Build.0 = Release|Any CPU
	EndGlobalSection
	GlobalSection(SolutionProperties) = preSolution
		HideSolutionNode = FALSE
	EndGlobalSection
	GlobalSection(NestedProjects) = preSolution
		{7BABE06D-45E5-4381-9BCF-5380E8B573E5} = {4DC75E3F-A7EF-4CE7-94FB-DCF0E73F7CE7}
		{8879B3F9-923C-46DC-87E8-85B8A5E18C32} = {4DC75E3F-A7EF-4CE7-94FB-DCF0E73F7CE7}
		{38A6C26D-B0BE-4A5E-AF16-168B885A3022} = {4DC75E3F-A7EF-4CE7-94FB-DCF0E73F7CE7}
		{4083D518-3690-442B-B6A4-2A81410711D5} = {4DC75E3F-A7EF-4CE7-94FB-DCF0E73F7CE7}
		{22E06239-D8F7-4105-90C8-92A323DCFF47} = {4DC75E3F-A7EF-4CE7-94FB-DCF0E73F7CE7}
		{396A69E0-056F-4748-A7B2-330A57646D07} = {4DC75E3F-A7EF-4CE7-94FB-DCF0E73F7CE7}
	EndGlobalSection
	GlobalSection(ExtensibilityGlobals) = postSolution
		SolutionGuid = {235FBC58-CFA3-451C-BFD0-F6AF98F51492}
	EndGlobalSection
EndGlobal
